// !$*UTF8*$!
{
	archiveVersion = 1;
	classes = {
	};
	objectVersion = 48;
	objects = {

/* Begin PBXBuildFile section */
		F5A36C0E1F72A93E00BC0026 /* AppDelegate.m in Sources */ = {isa = PBXBuildFile; fileRef = F5A36C0D1F72A93E00BC0026 /* AppDelegate.m */; };
		F5A36C111F72A93E00BC0026 /* ViewController.m in Sources */ = {isa = PBXBuildFile; fileRef = F5A36C101F72A93E00BC0026 /* ViewController.m */; };
		F5A36C141F72A93E00BC0026 /* Main.storyboard in Resources */ = {isa = PBXBuildFile; fileRef = F5A36C121F72A93E00BC0026 /* Main.storyboard */; };
		F5A36C161F72A93E00BC0026 /* Assets.xcassets in Resources */ = {isa = PBXBuildFile; fileRef = F5A36C151F72A93E00BC0026 /* Assets.xcassets */; };
		F5A36C191F72A93E00BC0026 /* LaunchScreen.storyboard in Resources */ = {isa = PBXBuildFile; fileRef = F5A36C171F72A93E00BC0026 /* LaunchScreen.storyboard */; };
		F5A36C1C1F72A93E00BC0026 /* main.mm in Sources */ = {isa = PBXBuildFile; fileRef = F5A36C1B1F72A93E00BC0026 /* main.mm */; };
		F5A36C261F72A93E00BC0026 /* HelloWorldTests.m in Sources */ = {isa = PBXBuildFile; fileRef = F5A36C251F72A93E00BC0026 /* HelloWorldTests.m */; };
		F5A36C321F72B06800BC0026 /* libdjinni_objc.a in Frameworks */ = {isa = PBXBuildFile; fileRef = F5A36C341F72B06800BC0026 /* libdjinni_objc.a */; };
		F5A36C331F72B06800BC0026 /* libhelloworld_objc.a in Frameworks */ = {isa = PBXBuildFile; fileRef = F5A36C351F72B06800BC0026 /* libhelloworld_objc.a */; };
/* End PBXBuildFile section */

/* Begin PBXContainerItemProxy section */
		F5A36C221F72A93E00BC0026 /* PBXContainerItemProxy */ = {
			isa = PBXContainerItemProxy;
			containerPortal = F5A36C011F72A93E00BC0026 /* Project object */;
			proxyType = 1;
			remoteGlobalIDString = F5A36C081F72A93E00BC0026;
			remoteInfo = HelloWorld;
		};
/* End PBXContainerItemProxy section */

/* Begin PBXFileReference section */
		F5A36C091F72A93E00BC0026 /* HelloWorld.app */ = {isa = PBXFileReference; explicitFileType = wrapper.application; includeInIndex = 0; path = HelloWorld.app; sourceTree = BUILT_PRODUCTS_DIR; };
		F5A36C0C1F72A93E00BC0026 /* AppDelegate.h */ = {isa = PBXFileReference; lastKnownFileType = sourcecode.c.h; path = AppDelegate.h; sourceTree = "<group>"; };
		F5A36C0D1F72A93E00BC0026 /* AppDelegate.m */ = {isa = PBXFileReference; lastKnownFileType = sourcecode.c.objc; path = AppDelegate.m; sourceTree = "<group>"; };
		F5A36C0F1F72A93E00BC0026 /* ViewController.h */ = {isa = PBXFileReference; lastKnownFileType = sourcecode.c.h; path = ViewController.h; sourceTree = "<group>"; };
		F5A36C101F72A93E00BC0026 /* ViewController.m */ = {isa = PBXFileReference; lastKnownFileType = sourcecode.c.objc; path = ViewController.m; sourceTree = "<group>"; };
		F5A36C131F72A93E00BC0026 /* Base */ = {isa = PBXFileReference; lastKnownFileType = file.storyboard; name = Base; path = Base.lproj/Main.storyboard; sourceTree = "<group>"; };
		F5A36C151F72A93E00BC0026 /* Assets.xcassets */ = {isa = PBXFileReference; lastKnownFileType = folder.assetcatalog; path = Assets.xcassets; sourceTree = "<group>"; };
		F5A36C181F72A93E00BC0026 /* Base */ = {isa = PBXFileReference; lastKnownFileType = file.storyboard; name = Base; path = Base.lproj/LaunchScreen.storyboard; sourceTree = "<group>"; };
		F5A36C1A1F72A93E00BC0026 /* Info.plist */ = {isa = PBXFileReference; lastKnownFileType = text.plist.xml; path = Info.plist; sourceTree = "<group>"; };
		F5A36C1B1F72A93E00BC0026 /* main.mm */ = {isa = PBXFileReference; lastKnownFileType = sourcecode.cpp.objcpp; path = main.mm; sourceTree = "<group>"; };
		F5A36C211F72A93E00BC0026 /* HelloWorldTests.xctest */ = {isa = PBXFileReference; explicitFileType = wrapper.cfbundle; includeInIndex = 0; path = HelloWorldTests.xctest; sourceTree = BUILT_PRODUCTS_DIR; };
		F5A36C251F72A93E00BC0026 /* HelloWorldTests.m */ = {isa = PBXFileReference; lastKnownFileType = sourcecode.c.objc; path = HelloWorldTests.m; sourceTree = "<group>"; };
		F5A36C271F72A93E00BC0026 /* Info.plist */ = {isa = PBXFileReference; lastKnownFileType = text.plist.xml; path = Info.plist; sourceTree = "<group>"; };
		F5A36C341F72B06800BC0026 /* libdjinni_objc.a */ = {isa = PBXFileReference; explicitFileType = archive.ar; path = libdjinni_objc.a; sourceTree = BUILT_PRODUCTS_DIR; };
		F5A36C351F72B06800BC0026 /* libhelloworld_objc.a */ = {isa = PBXFileReference; explicitFileType = archive.ar; path = libhelloworld_objc.a; sourceTree = BUILT_PRODUCTS_DIR; };
/* End PBXFileReference section */

/* Begin PBXFrameworksBuildPhase section */
		F5A36C061F72A93E00BC0026 /* Frameworks */ = {
			isa = PBXFrameworksBuildPhase;
			buildActionMask = 2147483647;
			files = (
				F5A36C321F72B06800BC0026 /* libdjinni_objc.a in Frameworks */,
				F5A36C331F72B06800BC0026 /* libhelloworld_objc.a in Frameworks */,
			);
			runOnlyForDeploymentPostprocessing = 0;
		};
		F5A36C1E1F72A93E00BC0026 /* Frameworks */ = {
			isa = PBXFrameworksBuildPhase;
			buildActionMask = 2147483647;
			files = (
			);
			runOnlyForDeploymentPostprocessing = 0;
		};
/* End PBXFrameworksBuildPhase section */

/* Begin PBXGroup section */
		F5A36C001F72A93E00BC0026 = {
			isa = PBXGroup;
			children = (
				F5A36C0B1F72A93E00BC0026 /* HelloWorld */,
				F5A36C241F72A93E00BC0026 /* HelloWorldTests */,
				F5A36C0A1F72A93E00BC0026 /* Products */,
				F5A36C311F72B06800BC0026 /* Frameworks */,
			);
			sourceTree = "<group>";
		};
		F5A36C0A1F72A93E00BC0026 /* Products */ = {
			isa = PBXGroup;
			children = (
				F5A36C091F72A93E00BC0026 /* HelloWorld.app */,
				F5A36C211F72A93E00BC0026 /* HelloWorldTests.xctest */,
			);
			name = Products;
			sourceTree = "<group>";
		};
		F5A36C0B1F72A93E00BC0026 /* HelloWorld */ = {
			isa = PBXGroup;
			children = (
				F5A36C0C1F72A93E00BC0026 /* AppDelegate.h */,
				F5A36C0D1F72A93E00BC0026 /* AppDelegate.m */,
				F5A36C0F1F72A93E00BC0026 /* ViewController.h */,
				F5A36C101F72A93E00BC0026 /* ViewController.m */,
				F5A36C121F72A93E00BC0026 /* Main.storyboard */,
				F5A36C151F72A93E00BC0026 /* Assets.xcassets */,
				F5A36C171F72A93E00BC0026 /* LaunchScreen.storyboard */,
				F5A36C1A1F72A93E00BC0026 /* Info.plist */,
				F5A36C1B1F72A93E00BC0026 /* main.mm */,
			);
			path = HelloWorld;
			sourceTree = "<group>";
		};
		F5A36C241F72A93E00BC0026 /* HelloWorldTests */ = {
			isa = PBXGroup;
			children = (
				F5A36C251F72A93E00BC0026 /* HelloWorldTests.m */,
				F5A36C271F72A93E00BC0026 /* Info.plist */,
			);
			path = HelloWorldTests;
			sourceTree = "<group>";
		};
		F5A36C311F72B06800BC0026 /* Frameworks */ = {
			isa = PBXGroup;
			children = (
				F5A36C341F72B06800BC0026 /* libdjinni_objc.a */,
				F5A36C351F72B06800BC0026 /* libhelloworld_objc.a */,
			);
			name = Frameworks;
			sourceTree = "<group>";
		};
/* End PBXGroup section */

/* Begin PBXNativeTarget section */
		F5A36C081F72A93E00BC0026 /* HelloWorld */ = {
			isa = PBXNativeTarget;
			buildConfigurationList = F5A36C2A1F72A93E00BC0026 /* Build configuration list for PBXNativeTarget "HelloWorld" */;
			buildPhases = (
				F5A36C051F72A93E00BC0026 /* Sources */,
				F5A36C061F72A93E00BC0026 /* Frameworks */,
				F5A36C071F72A93E00BC0026 /* Resources */,
			);
			buildRules = (
			);
			dependencies = (
			);
			name = HelloWorld;
			productName = HelloWorld;
			productReference = F5A36C091F72A93E00BC0026 /* HelloWorld.app */;
			productType = "com.apple.product-type.application";
		};
		F5A36C201F72A93E00BC0026 /* HelloWorldTests */ = {
			isa = PBXNativeTarget;
			buildConfigurationList = F5A36C2D1F72A93E00BC0026 /* Build configuration list for PBXNativeTarget "HelloWorldTests" */;
			buildPhases = (
				F5A36C1D1F72A93E00BC0026 /* Sources */,
				F5A36C1E1F72A93E00BC0026 /* Frameworks */,
				F5A36C1F1F72A93E00BC0026 /* Resources */,
			);
			buildRules = (
			);
			dependencies = (
				F5A36C231F72A93E00BC0026 /* PBXTargetDependency */,
			);
			name = HelloWorldTests;
			productName = HelloWorldTests;
			productReference = F5A36C211F72A93E00BC0026 /* HelloWorldTests.xctest */;
			productType = "com.apple.product-type.bundle.unit-test";
		};
/* End PBXNativeTarget section */

/* Begin PBXProject section */
		F5A36C011F72A93E00BC0026 /* Project object */ = {
			isa = PBXProject;
			attributes = {
				LastUpgradeCheck = 0900;
				ORGANIZATIONNAME = "Adel Amodwala";
				TargetAttributes = {
					F5A36C081F72A93E00BC0026 = {
						CreatedOnToolsVersion = 9.0;
						ProvisioningStyle = Automatic;
					};
					F5A36C201F72A93E00BC0026 = {
						CreatedOnToolsVersion = 9.0;
						ProvisioningStyle = Automatic;
						TestTargetID = F5A36C081F72A93E00BC0026;
					};
				};
			};
			buildConfigurationList = F5A36C041F72A93E00BC0026 /* Build configuration list for PBXProject "HelloWorld" */;
			compatibilityVersion = "Xcode 8.0";
			developmentRegion = en;
			hasScannedForEncodings = 0;
			knownRegions = (
				en,
				Base,
			);
			mainGroup = F5A36C001F72A93E00BC0026;
			productRefGroup = F5A36C0A1F72A93E00BC0026 /* Products */;
			projectDirPath = "";
			projectRoot = "";
			targets = (
				F5A36C081F72A93E00BC0026 /* HelloWorld */,
				F5A36C201F72A93E00BC0026 /* HelloWorldTests */,
			);
		};
/* End PBXProject section */

/* Begin PBXResourcesBuildPhase section */
		F5A36C071F72A93E00BC0026 /* Resources */ = {
			isa = PBXResourcesBuildPhase;
			buildActionMask = 2147483647;
			files = (
				F5A36C191F72A93E00BC0026 /* LaunchScreen.storyboard in Resources */,
				F5A36C161F72A93E00BC0026 /* Assets.xcassets in Resources */,
				F5A36C141F72A93E00BC0026 /* Main.storyboard in Resources */,
			);
			runOnlyForDeploymentPostprocessing = 0;
		};
		F5A36C1F1F72A93E00BC0026 /* Resources */ = {
			isa = PBXResourcesBuildPhase;
			buildActionMask = 2147483647;
			files = (
			);
			runOnlyForDeploymentPostprocessing = 0;
		};
/* End PBXResourcesBuildPhase section */

/* Begin PBXSourcesBuildPhase section */
		F5A36C051F72A93E00BC0026 /* Sources */ = {
			isa = PBXSourcesBuildPhase;
			buildActionMask = 2147483647;
			files = (
				F5A36C111F72A93E00BC0026 /* ViewController.m in Sources */,
				F5A36C1C1F72A93E00BC0026 /* main.mm in Sources */,
				F5A36C0E1F72A93E00BC0026 /* AppDelegate.m in Sources */,
			);
			runOnlyForDeploymentPostprocessing = 0;
		};
		F5A36C1D1F72A93E00BC0026 /* Sources */ = {
			isa = PBXSourcesBuildPhase;
			buildActionMask = 2147483647;
			files = (
				F5A36C261F72A93E00BC0026 /* HelloWorldTests.m in Sources */,
			);
			runOnlyForDeploymentPostprocessing = 0;
		};
/* End PBXSourcesBuildPhase section */

/* Begin PBXTargetDependency section */
		F5A36C231F72A93E00BC0026 /* PBXTargetDependency */ = {
			isa = PBXTargetDependency;
			target = F5A36C081F72A93E00BC0026 /* HelloWorld */;
			targetProxy = F5A36C221F72A93E00BC0026 /* PBXContainerItemProxy */;
		};
/* End PBXTargetDependency section */

/* Begin PBXVariantGroup section */
		F5A36C121F72A93E00BC0026 /* Main.storyboard */ = {
			isa = PBXVariantGroup;
			children = (
				F5A36C131F72A93E00BC0026 /* Base */,
			);
			name = Main.storyboard;
			sourceTree = "<group>";
		};
		F5A36C171F72A93E00BC0026 /* LaunchScreen.storyboard */ = {
			isa = PBXVariantGroup;
			children = (
				F5A36C181F72A93E00BC0026 /* Base */,
			);
			name = LaunchScreen.storyboard;
			sourceTree = "<group>";
		};
/* End PBXVariantGroup section */

/* Begin XCBuildConfiguration section */
		F5A36C281F72A93E00BC0026 /* Debug */ = {
			isa = XCBuildConfiguration;
			buildSettings = {
				ALWAYS_SEARCH_USER_PATHS = NO;
				CLANG_ANALYZER_NONNULL = YES;
				CLANG_ANALYZER_NUMBER_OBJECT_CONVERSION = YES_AGGRESSIVE;
				CLANG_CXX_LANGUAGE_STANDARD = "gnu++14";
				CLANG_CXX_LIBRARY = "libc++";
				CLANG_ENABLE_MODULES = YES;
				CLANG_ENABLE_OBJC_ARC = YES;
				CLANG_WARN_BLOCK_CAPTURE_AUTORELEASING = YES;
				CLANG_WARN_BOOL_CONVERSION = YES;
				CLANG_WARN_COMMA = YES;
				CLANG_WARN_CONSTANT_CONVERSION = YES;
				CLANG_WARN_DIRECT_OBJC_ISA_USAGE = YES_ERROR;
				CLANG_WARN_DOCUMENTATION_COMMENTS = YES;
				CLANG_WARN_EMPTY_BODY = YES;
				CLANG_WARN_ENUM_CONVERSION = YES;
				CLANG_WARN_INFINITE_RECURSION = YES;
				CLANG_WARN_INT_CONVERSION = YES;
				CLANG_WARN_NON_LITERAL_NULL_CONVERSION = YES;
				CLANG_WARN_OBJC_LITERAL_CONVERSION = YES;
				CLANG_WARN_OBJC_ROOT_CLASS = YES_ERROR;
				CLANG_WARN_RANGE_LOOP_ANALYSIS = YES;
				CLANG_WARN_STRICT_PROTOTYPES = YES;
				CLANG_WARN_SUSPICIOUS_MOVE = YES;
				CLANG_WARN_UNGUARDED_AVAILABILITY = YES_AGGRESSIVE;
				CLANG_WARN_UNREACHABLE_CODE = YES;
				CLANG_WARN__DUPLICATE_METHOD_MATCH = YES;
				CODE_SIGN_IDENTITY = "iPhone Developer";
				COPY_PHASE_STRIP = NO;
				DEBUG_INFORMATION_FORMAT = dwarf;
				ENABLE_STRICT_OBJC_MSGSEND = YES;
				ENABLE_TESTABILITY = YES;
				GCC_C_LANGUAGE_STANDARD = gnu11;
				GCC_DYNAMIC_NO_PIC = NO;
				GCC_NO_COMMON_BLOCKS = YES;
				GCC_OPTIMIZATION_LEVEL = 0;
				GCC_PREPROCESSOR_DEFINITIONS = (
					"DEBUG=1",
					"$(inherited)",
				);
				GCC_WARN_64_TO_32_BIT_CONVERSION = YES;
				GCC_WARN_ABOUT_RETURN_TYPE = YES_ERROR;
				GCC_WARN_UNDECLARED_SELECTOR = YES;
				GCC_WARN_UNINITIALIZED_AUTOS = YES_AGGRESSIVE;
				GCC_WARN_UNUSED_FUNCTION = YES;
				GCC_WARN_UNUSED_VARIABLE = YES;
				IPHONEOS_DEPLOYMENT_TARGET = 11.0;
				MTL_ENABLE_DEBUG_INFO = YES;
				ONLY_ACTIVE_ARCH = YES;
				SDKROOT = iphoneos;
			};
			name = Debug;
		};
		F5A36C291F72A93E00BC0026 /* Release */ = {
			isa = XCBuildConfiguration;
			buildSettings = {
				ALWAYS_SEARCH_USER_PATHS = NO;
				CLANG_ANALYZER_NONNULL = YES;
				CLANG_ANALYZER_NUMBER_OBJECT_CONVERSION = YES_AGGRESSIVE;
				CLANG_CXX_LANGUAGE_STANDARD = "gnu++14";
				CLANG_CXX_LIBRARY = "libc++";
				CLANG_ENABLE_MODULES = YES;
				CLANG_ENABLE_OBJC_ARC = YES;
				CLANG_WARN_BLOCK_CAPTURE_AUTORELEASING = YES;
				CLANG_WARN_BOOL_CONVERSION = YES;
				CLANG_WARN_COMMA = YES;
				CLANG_WARN_CONSTANT_CONVERSION = YES;
				CLANG_WARN_DIRECT_OBJC_ISA_USAGE = YES_ERROR;
				CLANG_WARN_DOCUMENTATION_COMMENTS = YES;
				CLANG_WARN_EMPTY_BODY = YES;
				CLANG_WARN_ENUM_CONVERSION = YES;
				CLANG_WARN_INFINITE_RECURSION = YES;
				CLANG_WARN_INT_CONVERSION = YES;
				CLANG_WARN_NON_LITERAL_NULL_CONVERSION = YES;
				CLANG_WARN_OBJC_LITERAL_CONVERSION = YES;
				CLANG_WARN_OBJC_ROOT_CLASS = YES_ERROR;
				CLANG_WARN_RANGE_LOOP_ANALYSIS = YES;
				CLANG_WARN_STRICT_PROTOTYPES = YES;
				CLANG_WARN_SUSPICIOUS_MOVE = YES;
				CLANG_WARN_UNGUARDED_AVAILABILITY = YES_AGGRESSIVE;
				CLANG_WARN_UNREACHABLE_CODE = YES;
				CLANG_WARN__DUPLICATE_METHOD_MATCH = YES;
				CODE_SIGN_IDENTITY = "iPhone Developer";
				COPY_PHASE_STRIP = NO;
				DEBUG_INFORMATION_FORMAT = "dwarf-with-dsym";
				ENABLE_NS_ASSERTIONS = NO;
				ENABLE_STRICT_OBJC_MSGSEND = YES;
				GCC_C_LANGUAGE_STANDARD = gnu11;
				GCC_NO_COMMON_BLOCKS = YES;
				GCC_WARN_64_TO_32_BIT_CONVERSION = YES;
				GCC_WARN_ABOUT_RETURN_TYPE = YES_ERROR;
				GCC_WARN_UNDECLARED_SELECTOR = YES;
				GCC_WARN_UNINITIALIZED_AUTOS = YES_AGGRESSIVE;
				GCC_WARN_UNUSED_FUNCTION = YES;
				GCC_WARN_UNUSED_VARIABLE = YES;
				IPHONEOS_DEPLOYMENT_TARGET = 11.0;
				MTL_ENABLE_DEBUG_INFO = NO;
				SDKROOT = iphoneos;
				VALIDATE_PRODUCT = YES;
			};
			name = Release;
		};
		F5A36C2B1F72A93E00BC0026 /* Debug */ = {
			isa = XCBuildConfiguration;
			buildSettings = {
				ASSETCATALOG_COMPILER_APPICON_NAME = AppIcon;
				CODE_SIGN_STYLE = Automatic;
				DEVELOPMENT_TEAM = BXG36P3LDT;
				INFOPLIST_FILE = HelloWorld/Info.plist;
				LD_RUNPATH_SEARCH_PATHS = "$(inherited) @executable_path/Frameworks";
				PRODUCT_BUNDLE_IDENTIFIER = com.adel.amodwala.HelloWorld;
				PRODUCT_NAME = "$(TARGET_NAME)";
				TARGETED_DEVICE_FAMILY = "1,2";
				USER_HEADER_SEARCH_PATHS = "$(SRCROOT)/../../deps/djinni/support-lib/objc $(SRCROOT)/../../generated-src/objc";
			};
			name = Debug;
		};
		F5A36C2C1F72A93E00BC0026 /* Release */ = {
			isa = XCBuildConfiguration;
			buildSettings = {
				ASSETCATALOG_COMPILER_APPICON_NAME = AppIcon;
				CODE_SIGN_STYLE = Automatic;
				DEVELOPMENT_TEAM = BXG36P3LDT;
				INFOPLIST_FILE = HelloWorld/Info.plist;
				LD_RUNPATH_SEARCH_PATHS = "$(inherited) @executable_path/Frameworks";
				PRODUCT_BUNDLE_IDENTIFIER = com.adel.amodwala.HelloWorld;
				PRODUCT_NAME = "$(TARGET_NAME)";
				TARGETED_DEVICE_FAMILY = "1,2";
				USER_HEADER_SEARCH_PATHS = "$(SRCROOT)/../../deps/djinni/support-lib/objc $(SRCROOT)/../../generated-src/objc";
			};
			name = Release;
		};
		F5A36C2E1F72A93E00BC0026 /* Debug */ = {
			isa = XCBuildConfiguration;
			buildSettings = {
				BUNDLE_LOADER = "$(TEST_HOST)";
				CODE_SIGN_STYLE = Automatic;
				DEVELOPMENT_TEAM = BXG36P3LDT;
				INFOPLIST_FILE = HelloWorldTests/Info.plist;
				LD_RUNPATH_SEARCH_PATHS = "$(inherited) @executable_path/Frameworks @loader_path/Frameworks";
				PRODUCT_BUNDLE_IDENTIFIER = com.adel.amodwala.HelloWorldTests;
				PRODUCT_NAME = "$(TARGET_NAME)";
				TARGETED_DEVICE_FAMILY = "1,2";
				TEST_HOST = "$(BUILT_PRODUCTS_DIR)/HelloWorld.app/HelloWorld";
			};
			name = Debug;
		};
		F5A36C2F1F72A93E00BC0026 /* Release */ = {
			isa = XCBuildConfiguration;
			buildSettings = {
				BUNDLE_LOADER = "$(TEST_HOST)";
				CODE_SIGN_STYLE = Automatic;
				DEVELOPMENT_TEAM = BXG36P3LDT;
				INFOPLIST_FILE = HelloWorldTests/Info.plist;
				LD_RUNPATH_SEARCH_PATHS = "$(inherited) @executable_path/Frameworks @loader_path/Frameworks";
				PRODUCT_BUNDLE_IDENTIFIER = com.adel.amodwala.HelloWorldTests;
				PRODUCT_NAME = "$(TARGET_NAME)";
				TARGETED_DEVICE_FAMILY = "1,2";
				TEST_HOST = "$(BUILT_PRODUCTS_DIR)/HelloWorld.app/HelloWorld";
			};
			name = Release;
		};
/* End XCBuildConfiguration section */

/* Begin XCConfigurationList section */
		F5A36C041F72A93E00BC0026 /* Build configuration list for PBXProject "HelloWorld" */ = {
			isa = XCConfigurationList;
			buildConfigurations = (
				F5A36C281F72A93E00BC0026 /* Debug */,
				F5A36C291F72A93E00BC0026 /* Release */,
			);
			defaultConfigurationIsVisible = 0;
			defaultConfigurationName = Release;
		};
		F5A36C2A1F72A93E00BC0026 /* Build configuration list for PBXNativeTarget "HelloWorld" */ = {
			isa = XCConfigurationList;
			buildConfigurations = (
				F5A36C2B1F72A93E00BC0026 /* Debug */,
				F5A36C2C1F72A93E00BC0026 /* Release */,
			);
			defaultConfigurationIsVisible = 0;
			defaultConfigurationName = Release;
		};
		F5A36C2D1F72A93E00BC0026 /* Build configuration list for PBXNativeTarget "HelloWorldTests" */ = {
			isa = XCConfigurationList;
			buildConfigurations = (
				F5A36C2E1F72A93E00BC0026 /* Debug */,
				F5A36C2F1F72A93E00BC0026 /* Release */,
			);
			defaultConfigurationIsVisible = 0;
			defaultConfigurationName = Release;
		};
/* End XCConfigurationList section */
	};
	rootObject = F5A36C011F72A93E00BC0026 /* Project object */;
}
